PODS:
  - Flutter (1.0.0)
  - integration_test (0.0.1):
    - Flutter
  - my_alpha_player (0.0.1):
    - Flutter

DEPENDENCIES:
  - Flutter (from `Flutter`)
  - integration_test (from `.symlinks/plugins/integration_test/ios`)
  - my_alpha_player (from `.symlinks/plugins/my_alpha_player/ios`)

EXTERNAL SOURCES:
  Flutter:
    :path: Flutter
  integration_test:
    :path: ".symlinks/plugins/integration_test/ios"
  my_alpha_player:
    :path: ".symlinks/plugins/my_alpha_player/ios"

SPEC CHECKSUMS:
  Flutter: cabc95a1d2626b1b06e7179b784ebcf0c0cde467
  integration_test: 4a889634ef21a45d28d50d622cf412dc6d9f586e
  my_alpha_player: 9536419deceb9a459adf5295b13e49cd420b1aeb

PODFILE CHECKSUM: 3c63482e143d1b91d2d2560aee9fb04ecc74ac7e

COCOAPODS: 1.16.2
